Microsoft Visual Studio Solution File, Format Version 12.00
# Visual Studio 2013
VisualStudioVersion = 12.0.30501.0
MinimumVisualStudioVersion = 10.0.40219.1
Project("{8BC9CEB8-8B4A-11D0-8D11-00A0C91BC942}") = "quazip", "quazip\quazip.vcxproj", "{B16631C8-85A1-35E7-AA4A-D06F75D2A0D3}"
EndProject
Project("{8BC9CEB8-8B4A-11D0-8D11-00A0C91BC942}") = "qztest", "qztest\qztest.vcxproj", "{B162B70D-3175-3F60-9C15-72E3A535CDAE}"
	ProjectSection(ProjectDependencies) = postProject
		{B16631C8-85A1-35E7-AA4A-D06F75D2A0D3} = {B16631C8-85A1-35E7-AA4A-D06F75D2A0D3}
	EndProjectSection
EndProject
Global
	GlobalSection(SolutionConfigurationPlatforms) = preSolution
		Debug|Win32 = Debug|Win32
		Release|Win32 = Release|Win32
	EndGlobalSection
	GlobalSection(ProjectConfigurationPlatforms) = postSolution
		{B16631C8-85A1-35E7-AA4A-D06F75D2A0D3}.Debug|Win32.ActiveCfg = Debug|Win32
		{B16631C8-85A1-35E7-AA4A-D06F75D2A0D3}.Debug|Win32.Build.0 = Debug|Win32
		{B16631C8-85A1-35E7-AA4A-D06F75D2A0D3}.Release|Win32.ActiveCfg = Release|Win32
		{B16631C8-85A1-35E7-AA4A-D06F75D2A0D3}.Release|Win32.Build.0 = Release|Win32
		{B162B70D-3175-3F60-9C15-72E3A535CDAE}.Debug|Win32.ActiveCfg = Debug|Win32
		{B162B70D-3175-3F60-9C15-72E3A535CDAE}.Debug|Win32.Build.0 = Debug|Win32
		{B162B70D-3175-3F60-9C15-72E3A535CDAE}.Release|Win32.ActiveCfg = Release|Win32
		{B162B70D-3175-3F60-9C15-72E3A535CDAE}.Release|Win32.Build.0 = Release|Win32
	EndGlobalSection
	GlobalSection(SolutionProperties) = preSolution
		HideSolutionNode = FALSE
	EndGlobalSection
	GlobalSection(ExtensibilityGlobals) = postSolution
		Qt5Version = msvc2013_opengl
	EndGlobalSection
EndGlobal
